Microsoft Visual Studio Solution File, Format Version 12.00
# Visual Studio Version 16
VisualStudioVersion = 16.0.0.0
MinimumVisualStudioVersion = 16.0.0.0
Project("{9A19103F-16F7-4668-BE54-9A1E7A4F7556}") = "BlazorApp.Logging", "BlazorApp.Logging\BlazorApp.Logging.csproj", "{B01833CD-5EEC-4A04-9FA3-6E1A181F8195}"
EndProject
Project("{9A19103F-16F7-4668-BE54-9A1E7A4F7556}") = "BlazorApp.Logging.Client", "BlazorApp.Logging.Client\BlazorApp.Logging.Client.csproj", "{B82ECE70-0373-4A16-96C0-8EF83238FC1D}"
EndProject
Global
	GlobalSection(SolutionConfigurationPlatforms) = preSolution
		Debug|Any CPU = Debug|Any CPU
		Debug|x64 = Debug|x64
		Debug|x86 = Debug|x86
		Release|Any CPU = Release|Any CPU
		Release|x64 = Release|x64
		Release|x86 = Release|x86
	EndGlobalSection
	GlobalSection(ProjectConfigurationPlatforms) = postSolution
		{B82ECE70-0373-4A16-96C0-8EF83238FC1D}.Debug|Any CPU.ActiveCfg = Debug|Any CPU
		{B82ECE70-0373-4A16-96C0-8EF83238FC1D}.Debug|Any CPU.Build.0 = Debug|Any CPU
		{B82ECE70-0373-4A16-96C0-8EF83238FC1D}.Debug|x64.ActiveCfg = Debug|Any CPU
		{B82ECE70-0373-4A16-96C0-8EF83238FC1D}.Debug|x64.Build.0 = Debug|Any CPU
		{B82ECE70-0373-4A16-96C0-8EF83238FC1D}.Debug|x86.ActiveCfg = Debug|Any CPU
		{B82ECE70-0373-4A16-96C0-8EF83238FC1D}.Debug|x86.Build.0 = Debug|Any CPU
		{B82ECE70-0373-4A16-96C0-8EF83238FC1D}.Release|Any CPU.ActiveCfg = Release|Any CPU
		{B82ECE70-0373-4A16-96C0-8EF83238FC1D}.Release|Any CPU.Build.0 = Release|Any CPU
		{B82ECE70-0373-4A16-96C0-8EF83238FC1D}.Release|x64.ActiveCfg = Release|Any CPU
		{B82ECE70-0373-4A16-96C0-8EF83238FC1D}.Release|x64.Build.0 = Release|Any CPU
		{B82ECE70-0373-4A16-96C0-8EF83238FC1D}.Release|x86.ActiveCfg = Release|Any CPU
		{B82ECE70-0373-4A16-96C0-8EF83238FC1D}.Release|x86.Build.0 = Release|Any CPU
		{B01833CD-5EEC-4A04-9FA3-6E1A181F8195}.Debug|Any CPU.ActiveCfg = Debug|Any CPU
		{B01833CD-5EEC-4A04-9FA3-6E1A181F8195}.Debug|Any CPU.Build.0 = Debug|Any CPU
		{B01833CD-5EEC-4A04-9FA3-6E1A181F8195}.Debug|x64.ActiveCfg = Debug|Any CPU
		{B01833CD-5EEC-4A04-9FA3-6E1A181F8195}.Debug|x64.Build.0 = Debug|Any CPU
		{B01833CD-5EEC-4A04-9FA3-6E1A181F8195}.Debug|x86.ActiveCfg = Debug|Any CPU
		{B01833CD-5EEC-4A04-9FA3-6E1A181F8195}.Debug|x86.Build.0 = Debug|Any CPU
		{B01833CD-5EEC-4A04-9FA3-6E1A181F8195}.Release|Any CPU.ActiveCfg = Release|Any CPU
		{B01833CD-5EEC-4A04-9FA3-6E1A181F8195}.Release|Any CPU.Build.0 = Release|Any CPU
		{B01833CD-5EEC-4A04-9FA3-6E1A181F8195}.Release|x64.ActiveCfg = Release|Any CPU
		{B01833CD-5EEC-4A04-9FA3-6E1A181F8195}.Release|x64.Build.0 = Release|Any CPU
		{B01833CD-5EEC-4A04-9FA3-6E1A181F8195}.Release|x86.ActiveCfg = Release|Any CPU
		{B01833CD-5EEC-4A04-9FA3-6E1A181F8195}.Release|x86.Build.0 = Release|Any CPU
	EndGlobalSection
	GlobalSection(SolutionProperties) = preSolution
		HideSolutionNode = FALSE
	EndGlobalSection
	GlobalSection(ExtensibilityGlobals) = postSolution
		SolutionGuid = {2C596F89-A410-43D4-BB27-235FFDC5D019}
	EndGlobalSection
EndGlobal
