
Microsoft Visual Studio Solution File, Format Version 12.00
# Visual Studio Version 17
VisualStudioVersion = 17.9.34728.123
MinimumVisualStudioVersion = 10.0.40219.1
Project("{FAE04EC0-301F-11D3-BF4B-00C04F79EFBC}") = "BlazorComponents", "BlazorComponents\BlazorComponents.csproj", "{953C4CE8-9974-4F91-9DF7-EAC3085BFF5D}"
EndProject
Global
	GlobalSection(SolutionConfigurationPlatforms) = preSolution
		Debug|Any CPU = Debug|Any CPU
		Release|Any CPU = Release|Any CPU
	EndGlobalSection
	GlobalSection(ProjectConfigurationPlatforms) = postSolution
		{953C4CE8-9974-4F91-9DF7-EAC3085BFF5D}.Debug|Any CPU.ActiveCfg = Debug|Any CPU
		{953C4CE8-9974-4F91-9DF7-EAC3085BFF5D}.Debug|Any CPU.Build.0 = Debug|Any CPU
		{953C4CE8-9974-4F91-9DF7-EAC3085BFF5D}.Release|Any CPU.ActiveCfg = Release|Any CPU
		{953C4CE8-9974-4F91-9DF7-EAC3085BFF5D}.Release|Any CPU.Build.0 = Release|Any CPU
	EndGlobalSection
	GlobalSection(SolutionProperties) = preSolution
		HideSolutionNode = FALSE
	EndGlobalSection
	GlobalSection(ExtensibilityGlobals) = postSolution
		SolutionGuid = {E9623EC1-A862-4A24-B7CB-35838ECDD992}
	EndGlobalSection
EndGlobal
