
Microsoft Visual Studio Solution File, Format Version 12.00
# Visual Studio Version 17
VisualStudioVersion = 17.0.31903.59
MinimumVisualStudioVersion = 10.0.40219.1
Project("{2150E333-8FDC-42A3-9474-1A3956D46DE8}") = "src", "src", "{F6E21461-ED38-47F9-8F3B-6EA2F52BDCBE}"
EndProject
Project("{9A19103F-16F7-4668-BE54-9A1E7A4F7556}") = "BlazorApp.Components.AttributeSplatting", "src\BlazorApp.Components.AttributeSplatting\BlazorApp.Components.AttributeSplatting.csproj", "{DC8177E9-4A0E-4006-9AD0-DB387515989A}"
EndProject
Global
	GlobalSection(SolutionConfigurationPlatforms) = preSolution
		Debug|Any CPU = Debug|Any CPU
		Release|Any CPU = Release|Any CPU
	EndGlobalSection
	GlobalSection(ProjectConfigurationPlatforms) = postSolution
		{DC8177E9-4A0E-4006-9AD0-DB387515989A}.Debug|Any CPU.ActiveCfg = Debug|Any CPU
		{DC8177E9-4A0E-4006-9AD0-DB387515989A}.Debug|Any CPU.Build.0 = Debug|Any CPU
		{DC8177E9-4A0E-4006-9AD0-DB387515989A}.Release|Any CPU.ActiveCfg = Release|Any CPU
		{DC8177E9-4A0E-4006-9AD0-DB387515989A}.Release|Any CPU.Build.0 = Release|Any CPU
	EndGlobalSection
	GlobalSection(SolutionProperties) = preSolution
		HideSolutionNode = FALSE
	EndGlobalSection
	GlobalSection(NestedProjects) = preSolution
		{DC8177E9-4A0E-4006-9AD0-DB387515989A} = {F6E21461-ED38-47F9-8F3B-6EA2F52BDCBE}
	EndGlobalSection
EndGlobal
