
Microsoft Visual Studio Solution File, Format Version 12.00
# Visual Studio Version 17
VisualStudioVersion = 17.0.31903.59
MinimumVisualStudioVersion = 10.0.40219.1
Project("{2150E333-8FDC-42A3-9474-1A3956D46DE8}") = "src", "src", "{0A6993BE-D7DC-48BB-AF4D-0B5DF4D5323D}"
EndProject
Project("{FAE04EC0-301F-11D3-BF4B-00C04F79EFBC}") = "BlazorApp.BootstrapDemo", "src\BlazorApp.BootstrapDemo\BlazorApp.BootstrapDemo.csproj", "{AD061179-0505-4F4C-955C-79FB35420A41}"
EndProject
Global
	GlobalSection(SolutionConfigurationPlatforms) = preSolution
		Debug|Any CPU = Debug|Any CPU
		Release|Any CPU = Release|Any CPU
	EndGlobalSection
	GlobalSection(SolutionProperties) = preSolution
		HideSolutionNode = FALSE
	EndGlobalSection
	GlobalSection(ProjectConfigurationPlatforms) = postSolution
		{AD061179-0505-4F4C-955C-79FB35420A41}.Debug|Any CPU.ActiveCfg = Debug|Any CPU
		{AD061179-0505-4F4C-955C-79FB35420A41}.Debug|Any CPU.Build.0 = Debug|Any CPU
		{AD061179-0505-4F4C-955C-79FB35420A41}.Release|Any CPU.ActiveCfg = Release|Any CPU
		{AD061179-0505-4F4C-955C-79FB35420A41}.Release|Any CPU.Build.0 = Release|Any CPU
	EndGlobalSection
	GlobalSection(NestedProjects) = preSolution
		{AD061179-0505-4F4C-955C-79FB35420A41} = {0A6993BE-D7DC-48BB-AF4D-0B5DF4D5323D}
	EndGlobalSection
EndGlobal
