
Microsoft Visual Studio Solution File, Format Version 12.00
# Visual Studio Version 17
VisualStudioVersion = 17.0.31903.59
MinimumVisualStudioVersion = 10.0.40219.1
Project("{2150E333-8FDC-42A3-9474-1A3956D46DE8}") = "src", "src", "{0DEF75B4-6B85-4DDC-A1D4-A9A89FECDBD3}"
EndProject
Project("{9A19103F-16F7-4668-BE54-9A1E7A4F7556}") = "BlazorApp.Components.ComponentLibraries", "src\BlazorApp.Components.ComponentLibraries\BlazorApp.Components.ComponentLibraries.csproj", "{83A6F945-D9BB-43AC-9DD1-876D442268CC}"
EndProject
Project("{9A19103F-16F7-4668-BE54-9A1E7A4F7556}") = "BlazorApp.Components.MyComponentLibrary", "src\BlazorApp.Components.MyComponentLibrary\BlazorApp.Components.MyComponentLibrary.csproj", "{0EB7ADC5-6B22-416E-8858-BC1465FA4685}"
EndProject
Global
	GlobalSection(SolutionConfigurationPlatforms) = preSolution
		Debug|Any CPU = Debug|Any CPU
		Release|Any CPU = Release|Any CPU
	EndGlobalSection
	GlobalSection(ProjectConfigurationPlatforms) = postSolution
		{83A6F945-D9BB-43AC-9DD1-876D442268CC}.Debug|Any CPU.ActiveCfg = Debug|Any CPU
		{83A6F945-D9BB-43AC-9DD1-876D442268CC}.Debug|Any CPU.Build.0 = Debug|Any CPU
		{83A6F945-D9BB-43AC-9DD1-876D442268CC}.Release|Any CPU.ActiveCfg = Release|Any CPU
		{83A6F945-D9BB-43AC-9DD1-876D442268CC}.Release|Any CPU.Build.0 = Release|Any CPU
		{0EB7ADC5-6B22-416E-8858-BC1465FA4685}.Debug|Any CPU.ActiveCfg = Debug|Any CPU
		{0EB7ADC5-6B22-416E-8858-BC1465FA4685}.Debug|Any CPU.Build.0 = Debug|Any CPU
		{0EB7ADC5-6B22-416E-8858-BC1465FA4685}.Release|Any CPU.ActiveCfg = Release|Any CPU
		{0EB7ADC5-6B22-416E-8858-BC1465FA4685}.Release|Any CPU.Build.0 = Release|Any CPU
	EndGlobalSection
	GlobalSection(SolutionProperties) = preSolution
		HideSolutionNode = FALSE
	EndGlobalSection
	GlobalSection(NestedProjects) = preSolution
		{83A6F945-D9BB-43AC-9DD1-876D442268CC} = {0DEF75B4-6B85-4DDC-A1D4-A9A89FECDBD3}
		{0EB7ADC5-6B22-416E-8858-BC1465FA4685} = {0DEF75B4-6B85-4DDC-A1D4-A9A89FECDBD3}
	EndGlobalSection
	GlobalSection(ExtensibilityGlobals) = postSolution
		SolutionGuid = {A88A51DB-78D4-4BF9-B2A0-DA2B802B9357}
	EndGlobalSection
EndGlobal
