
Microsoft Visual Studio Solution File, Format Version 12.00
# Visual Studio Version 17
VisualStudioVersion = 17.11.35201.85
MinimumVisualStudioVersion = 10.0.40219.1
Project("{FAE04EC0-301F-11D3-BF4B-00C04F79EFBC}") = "BlazorApp.WhatIsNewIn9", "BlazorApp.WhatIsNewIn9\BlazorApp.WhatIsNewIn9\BlazorApp.WhatIsNewIn9.csproj", "{0EBCD204-00C1-40BC-8622-D197F2083C9B}"
EndProject
Project("{FAE04EC0-301F-11D3-BF4B-00C04F79EFBC}") = "BlazorApp.WhatIsNewIn9.Client", "BlazorApp.WhatIsNewIn9\BlazorApp.WhatIsNewIn9.Client\BlazorApp.WhatIsNewIn9.Client.csproj", "{D697704F-4133-4CF8-A5AB-717847A4A570}"
EndProject
Project("{2150E333-8FDC-42A3-9474-1A3956D46DE8}") = "Solution Items", "Solution Items", "{9584117B-2EAB-4CCB-B6C3-DEB620ABBF61}"
	ProjectSection(SolutionItems) = preProject
		global.json = global.json
	EndProjectSection
EndProject
Global
	GlobalSection(SolutionConfigurationPlatforms) = preSolution
		Debug|Any CPU = Debug|Any CPU
		Release|Any CPU = Release|Any CPU
	EndGlobalSection
	GlobalSection(ProjectConfigurationPlatforms) = postSolution
		{0EBCD204-00C1-40BC-8622-D197F2083C9B}.Debug|Any CPU.ActiveCfg = Debug|Any CPU
		{0EBCD204-00C1-40BC-8622-D197F2083C9B}.Debug|Any CPU.Build.0 = Debug|Any CPU
		{0EBCD204-00C1-40BC-8622-D197F2083C9B}.Release|Any CPU.ActiveCfg = Release|Any CPU
		{0EBCD204-00C1-40BC-8622-D197F2083C9B}.Release|Any CPU.Build.0 = Release|Any CPU
		{D697704F-4133-4CF8-A5AB-717847A4A570}.Debug|Any CPU.ActiveCfg = Debug|Any CPU
		{D697704F-4133-4CF8-A5AB-717847A4A570}.Debug|Any CPU.Build.0 = Debug|Any CPU
		{D697704F-4133-4CF8-A5AB-717847A4A570}.Release|Any CPU.ActiveCfg = Release|Any CPU
		{D697704F-4133-4CF8-A5AB-717847A4A570}.Release|Any CPU.Build.0 = Release|Any CPU
	EndGlobalSection
	GlobalSection(SolutionProperties) = preSolution
		HideSolutionNode = FALSE
	EndGlobalSection
	GlobalSection(ExtensibilityGlobals) = postSolution
		SolutionGuid = {8AE1A5B6-D5A3-4D0F-B3D0-BAF55F6558A5}
	EndGlobalSection
EndGlobal
