
Microsoft Visual Studio Solution File, Format Version 12.00
# Visual Studio Version 17
VisualStudioVersion = 17.11.35201.85
MinimumVisualStudioVersion = 10.0.40219.1
Project("{2150E333-8FDC-42A3-9474-1A3956D46DE8}") = "src", "src", "{80948038-C80B-4133-892B-9A7F3D35EE44}"
EndProject
Project("{FAE04EC0-301F-11D3-BF4B-00C04F79EFBC}") = "IdentityProvider", "src\IdentityProvider\IdentityProvider.csproj", "{BC56F1B0-89ED-43C7-8CDB-141060D9914C}"
EndProject
Project("{FAE04EC0-301F-11D3-BF4B-00C04F79EFBC}") = "BlazorApp.Server.WithOpenIdConnect", "src\BlazorApp.Server.WithOpenIdConnect\BlazorApp.Server.WithOpenIdConnect.csproj", "{537FECBD-4B79-4589-912E-529F57B92C3D}"
EndProject
Project("{FAE04EC0-301F-11D3-BF4B-00C04F79EFBC}") = "WeatherAPI", "src\WeatherAPI\WeatherAPI.csproj", "{5C12E726-EDEE-4F87-9CE3-044A465DFA84}"
EndProject
Project("{FAE04EC0-301F-11D3-BF4B-00C04F79EFBC}") = "BlazorApp.Policies", "src\BlazorApp.Policies\BlazorApp.Policies.csproj", "{56BCAE1B-F5EF-443F-9D87-F824C358CFCE}"
EndProject
Project("{FAE04EC0-301F-11D3-BF4B-00C04F79EFBC}") = "BlazorApp.WASM.WithOpenIdConnect", "src\BlazorApp.WASM.WithOpenIdConnect\BlazorApp.WASM.WithOpenIdConnect.csproj", "{FB461424-01E2-4A74-8E71-7DE05677BDB5}"
EndProject
Project("{FAE04EC0-301F-11D3-BF4B-00C04F79EFBC}") = "BlazorApp.Auto.WithOpenIdConnect", "src\BlazorApp.Auto.WithOpenIdConnect\BlazorApp.Auto.WithOpenIdConnect.csproj", "{492E5F29-7F98-436C-94A3-3C7B314A17AC}"
EndProject
Project("{FAE04EC0-301F-11D3-BF4B-00C04F79EFBC}") = "BlazorApp.Auto.WithOpenIdConnect.Client", "src\BlazorApp.Auto.WithOpenIdConnect.Client\BlazorApp.Auto.WithOpenIdConnect.Client.csproj", "{5A188560-61BB-466E-95FE-BFB51F4BAC1C}"
EndProject
Global
	GlobalSection(SolutionConfigurationPlatforms) = preSolution
		Debug|Any CPU = Debug|Any CPU
		Release|Any CPU = Release|Any CPU
	EndGlobalSection
	GlobalSection(ProjectConfigurationPlatforms) = postSolution
		{BC56F1B0-89ED-43C7-8CDB-141060D9914C}.Debug|Any CPU.ActiveCfg = Debug|Any CPU
		{BC56F1B0-89ED-43C7-8CDB-141060D9914C}.Debug|Any CPU.Build.0 = Debug|Any CPU
		{BC56F1B0-89ED-43C7-8CDB-141060D9914C}.Release|Any CPU.ActiveCfg = Release|Any CPU
		{BC56F1B0-89ED-43C7-8CDB-141060D9914C}.Release|Any CPU.Build.0 = Release|Any CPU
		{537FECBD-4B79-4589-912E-529F57B92C3D}.Debug|Any CPU.ActiveCfg = Debug|Any CPU
		{537FECBD-4B79-4589-912E-529F57B92C3D}.Debug|Any CPU.Build.0 = Debug|Any CPU
		{537FECBD-4B79-4589-912E-529F57B92C3D}.Release|Any CPU.ActiveCfg = Release|Any CPU
		{537FECBD-4B79-4589-912E-529F57B92C3D}.Release|Any CPU.Build.0 = Release|Any CPU
		{5C12E726-EDEE-4F87-9CE3-044A465DFA84}.Debug|Any CPU.ActiveCfg = Debug|Any CPU
		{5C12E726-EDEE-4F87-9CE3-044A465DFA84}.Debug|Any CPU.Build.0 = Debug|Any CPU
		{5C12E726-EDEE-4F87-9CE3-044A465DFA84}.Release|Any CPU.ActiveCfg = Release|Any CPU
		{5C12E726-EDEE-4F87-9CE3-044A465DFA84}.Release|Any CPU.Build.0 = Release|Any CPU
		{56BCAE1B-F5EF-443F-9D87-F824C358CFCE}.Debug|Any CPU.ActiveCfg = Debug|Any CPU
		{56BCAE1B-F5EF-443F-9D87-F824C358CFCE}.Debug|Any CPU.Build.0 = Debug|Any CPU
		{56BCAE1B-F5EF-443F-9D87-F824C358CFCE}.Release|Any CPU.ActiveCfg = Release|Any CPU
		{56BCAE1B-F5EF-443F-9D87-F824C358CFCE}.Release|Any CPU.Build.0 = Release|Any CPU
		{FB461424-01E2-4A74-8E71-7DE05677BDB5}.Debug|Any CPU.ActiveCfg = Debug|Any CPU
		{FB461424-01E2-4A74-8E71-7DE05677BDB5}.Debug|Any CPU.Build.0 = Debug|Any CPU
		{FB461424-01E2-4A74-8E71-7DE05677BDB5}.Release|Any CPU.ActiveCfg = Release|Any CPU
		{FB461424-01E2-4A74-8E71-7DE05677BDB5}.Release|Any CPU.Build.0 = Release|Any CPU
		{492E5F29-7F98-436C-94A3-3C7B314A17AC}.Debug|Any CPU.ActiveCfg = Debug|Any CPU
		{492E5F29-7F98-436C-94A3-3C7B314A17AC}.Debug|Any CPU.Build.0 = Debug|Any CPU
		{492E5F29-7F98-436C-94A3-3C7B314A17AC}.Release|Any CPU.ActiveCfg = Release|Any CPU
		{492E5F29-7F98-436C-94A3-3C7B314A17AC}.Release|Any CPU.Build.0 = Release|Any CPU
		{5A188560-61BB-466E-95FE-BFB51F4BAC1C}.Debug|Any CPU.ActiveCfg = Debug|Any CPU
		{5A188560-61BB-466E-95FE-BFB51F4BAC1C}.Debug|Any CPU.Build.0 = Debug|Any CPU
		{5A188560-61BB-466E-95FE-BFB51F4BAC1C}.Release|Any CPU.ActiveCfg = Release|Any CPU
		{5A188560-61BB-466E-95FE-BFB51F4BAC1C}.Release|Any CPU.Build.0 = Release|Any CPU
	EndGlobalSection
	GlobalSection(SolutionProperties) = preSolution
		HideSolutionNode = FALSE
	EndGlobalSection
	GlobalSection(NestedProjects) = preSolution
		{BC56F1B0-89ED-43C7-8CDB-141060D9914C} = {80948038-C80B-4133-892B-9A7F3D35EE44}
		{537FECBD-4B79-4589-912E-529F57B92C3D} = {80948038-C80B-4133-892B-9A7F3D35EE44}
		{5C12E726-EDEE-4F87-9CE3-044A465DFA84} = {80948038-C80B-4133-892B-9A7F3D35EE44}
		{56BCAE1B-F5EF-443F-9D87-F824C358CFCE} = {80948038-C80B-4133-892B-9A7F3D35EE44}
		{FB461424-01E2-4A74-8E71-7DE05677BDB5} = {80948038-C80B-4133-892B-9A7F3D35EE44}
		{492E5F29-7F98-436C-94A3-3C7B314A17AC} = {80948038-C80B-4133-892B-9A7F3D35EE44}
		{5A188560-61BB-466E-95FE-BFB51F4BAC1C} = {80948038-C80B-4133-892B-9A7F3D35EE44}
	EndGlobalSection
	GlobalSection(ExtensibilityGlobals) = postSolution
		SolutionGuid = {4E0094BF-A398-4E9D-BBA9-6DDB21FFAF9C}
	EndGlobalSection
EndGlobal
