
Microsoft Visual Studio Solution File, Format Version 12.00
# Visual Studio Version 17
VisualStudioVersion = 17.9.34728.123
MinimumVisualStudioVersion = 10.0.40219.1
Project("{FAE04EC0-301F-11D3-BF4B-00C04F79EFBC}") = "Blazor.RenderMode", "Blazor.RenderMode\Blazor.RenderMode\Blazor.RenderMode.csproj", "{3C632F32-5896-4E51-BA24-FFDF7A212268}"
EndProject
Project("{FAE04EC0-301F-11D3-BF4B-00C04F79EFBC}") = "Blazor.RenderMode.Client", "Blazor.RenderMode\Blazor.RenderMode.Client\Blazor.RenderMode.Client.csproj", "{31BF1F0F-3642-4840-B5E2-6C3066A20210}"
EndProject
Global
	GlobalSection(SolutionConfigurationPlatforms) = preSolution
		Debug|Any CPU = Debug|Any CPU
		Release|Any CPU = Release|Any CPU
	EndGlobalSection
	GlobalSection(ProjectConfigurationPlatforms) = postSolution
		{3C632F32-5896-4E51-BA24-FFDF7A212268}.Debug|Any CPU.ActiveCfg = Debug|Any CPU
		{3C632F32-5896-4E51-BA24-FFDF7A212268}.Debug|Any CPU.Build.0 = Debug|Any CPU
		{3C632F32-5896-4E51-BA24-FFDF7A212268}.Release|Any CPU.ActiveCfg = Release|Any CPU
		{3C632F32-5896-4E51-BA24-FFDF7A212268}.Release|Any CPU.Build.0 = Release|Any CPU
		{31BF1F0F-3642-4840-B5E2-6C3066A20210}.Debug|Any CPU.ActiveCfg = Debug|Any CPU
		{31BF1F0F-3642-4840-B5E2-6C3066A20210}.Debug|Any CPU.Build.0 = Debug|Any CPU
		{31BF1F0F-3642-4840-B5E2-6C3066A20210}.Release|Any CPU.ActiveCfg = Release|Any CPU
		{31BF1F0F-3642-4840-B5E2-6C3066A20210}.Release|Any CPU.Build.0 = Release|Any CPU
	EndGlobalSection
	GlobalSection(SolutionProperties) = preSolution
		HideSolutionNode = FALSE
	EndGlobalSection
	GlobalSection(ExtensibilityGlobals) = postSolution
		SolutionGuid = {55AD6BDC-CFCF-42E8-9F3F-2FEB7F853C99}
	EndGlobalSection
EndGlobal
