
Microsoft Visual Studio Solution File, Format Version 12.00
# Visual Studio Version 17
VisualStudioVersion = 17.12.35209.166
MinimumVisualStudioVersion = 10.0.40219.1
Project("{FAE04EC0-301F-11D3-BF4B-00C04F79EFBC}") = "BlazorApp.WithRedux", "BlazorApp.WithRedux\BlazorApp.WithRedux.csproj", "{CADCA6A9-4E2C-4123-A453-61A1F6FE31D1}"
EndProject
Global
	GlobalSection(SolutionConfigurationPlatforms) = preSolution
		Debug|Any CPU = Debug|Any CPU
		Release|Any CPU = Release|Any CPU
	EndGlobalSection
	GlobalSection(ProjectConfigurationPlatforms) = postSolution
		{CADCA6A9-4E2C-4123-A453-61A1F6FE31D1}.Debug|Any CPU.ActiveCfg = Debug|Any CPU
		{CADCA6A9-4E2C-4123-A453-61A1F6FE31D1}.Debug|Any CPU.Build.0 = Debug|Any CPU
		{CADCA6A9-4E2C-4123-A453-61A1F6FE31D1}.Release|Any CPU.ActiveCfg = Release|Any CPU
		{CADCA6A9-4E2C-4123-A453-61A1F6FE31D1}.Release|Any CPU.Build.0 = Release|Any CPU
	EndGlobalSection
	GlobalSection(SolutionProperties) = preSolution
		HideSolutionNode = FALSE
	EndGlobalSection
	GlobalSection(ExtensibilityGlobals) = postSolution
		SolutionGuid = {F645AFD5-E9EB-49B9-9186-72A490F51989}
	EndGlobalSection
EndGlobal
