
Microsoft Visual Studio Solution File, Format Version 12.00
# Visual Studio Version 17
VisualStudioVersion = 17.9.34728.123
MinimumVisualStudioVersion = 10.0.40219.1
Project("{FAE04EC0-301F-11D3-BF4B-00C04F79EFBC}") = "Blazor.UsingEventCallback", "Blazor.UsingEventCallback\Blazor.UsingEventCallback.csproj", "{CF965FAF-6DEF-4A1E-B9AA-524A7669F1D1}"
EndProject
Global
	GlobalSection(SolutionConfigurationPlatforms) = preSolution
		Debug|Any CPU = Debug|Any CPU
		Release|Any CPU = Release|Any CPU
	EndGlobalSection
	GlobalSection(ProjectConfigurationPlatforms) = postSolution
		{CF965FAF-6DEF-4A1E-B9AA-524A7669F1D1}.Debug|Any CPU.ActiveCfg = Debug|Any CPU
		{CF965FAF-6DEF-4A1E-B9AA-524A7669F1D1}.Debug|Any CPU.Build.0 = Debug|Any CPU
		{CF965FAF-6DEF-4A1E-B9AA-524A7669F1D1}.Release|Any CPU.ActiveCfg = Release|Any CPU
		{CF965FAF-6DEF-4A1E-B9AA-524A7669F1D1}.Release|Any CPU.Build.0 = Release|Any CPU
	EndGlobalSection
	GlobalSection(SolutionProperties) = preSolution
		HideSolutionNode = FALSE
	EndGlobalSection
	GlobalSection(ExtensibilityGlobals) = postSolution
		SolutionGuid = {B154261E-48BC-483F-A62E-7B5219041202}
	EndGlobalSection
EndGlobal
