
Microsoft Visual Studio Solution File, Format Version 12.00
# Visual Studio Version 17
VisualStudioVersion = 17.0.31903.59
MinimumVisualStudioVersion = 10.0.40219.1
Project("{2150E333-8FDC-42A3-9474-1A3956D46DE8}") = "src", "src", "{4BFD4050-DE5E-4B28-BDD5-B55F3C4CC0CC}"
EndProject
Project("{9A19103F-16F7-4668-BE54-9A1E7A4F7556}") = "BlazorApp.Components.Referring", "src\BlazorApp.Components.Referring\BlazorApp.Components.Referring.csproj", "{FC434E96-2408-4931-A039-9E3E86B3E929}"
EndProject
Global
	GlobalSection(SolutionConfigurationPlatforms) = preSolution
		Debug|Any CPU = Debug|Any CPU
		Release|Any CPU = Release|Any CPU
	EndGlobalSection
	GlobalSection(ProjectConfigurationPlatforms) = postSolution
		{FC434E96-2408-4931-A039-9E3E86B3E929}.Debug|Any CPU.ActiveCfg = Debug|Any CPU
		{FC434E96-2408-4931-A039-9E3E86B3E929}.Debug|Any CPU.Build.0 = Debug|Any CPU
		{FC434E96-2408-4931-A039-9E3E86B3E929}.Release|Any CPU.ActiveCfg = Release|Any CPU
		{FC434E96-2408-4931-A039-9E3E86B3E929}.Release|Any CPU.Build.0 = Release|Any CPU
	EndGlobalSection
	GlobalSection(SolutionProperties) = preSolution
		HideSolutionNode = FALSE
	EndGlobalSection
	GlobalSection(NestedProjects) = preSolution
		{FC434E96-2408-4931-A039-9E3E86B3E929} = {4BFD4050-DE5E-4B28-BDD5-B55F3C4CC0CC}
	EndGlobalSection
EndGlobal
