
Microsoft Visual Studio Solution File, Format Version 12.00
# Visual Studio Version 17
VisualStudioVersion = 17.0.31903.59
MinimumVisualStudioVersion = 10.0.40219.1
Project("{2150E333-8FDC-42A3-9474-1A3956D46DE8}") = "src", "src", "{D3002C6F-46AE-4B40-920E-104EF621DC57}"
EndProject
Project("{9A19103F-16F7-4668-BE54-9A1E7A4F7556}") = "BlazorApp.Components.Templated", "src\BlazorApp.Components.Templated\BlazorApp.Components.Templated.csproj", "{5BDA3C7F-89EA-44C4-8D3E-D0CF80CD055F}"
EndProject
Global
	GlobalSection(SolutionConfigurationPlatforms) = preSolution
		Debug|Any CPU = Debug|Any CPU
		Release|Any CPU = Release|Any CPU
	EndGlobalSection
	GlobalSection(ProjectConfigurationPlatforms) = postSolution
		{5BDA3C7F-89EA-44C4-8D3E-D0CF80CD055F}.Debug|Any CPU.ActiveCfg = Debug|Any CPU
		{5BDA3C7F-89EA-44C4-8D3E-D0CF80CD055F}.Debug|Any CPU.Build.0 = Debug|Any CPU
		{5BDA3C7F-89EA-44C4-8D3E-D0CF80CD055F}.Release|Any CPU.ActiveCfg = Release|Any CPU
		{5BDA3C7F-89EA-44C4-8D3E-D0CF80CD055F}.Release|Any CPU.Build.0 = Release|Any CPU
	EndGlobalSection
	GlobalSection(SolutionProperties) = preSolution
		HideSolutionNode = FALSE
	EndGlobalSection
	GlobalSection(NestedProjects) = preSolution
		{5BDA3C7F-89EA-44C4-8D3E-D0CF80CD055F} = {D3002C6F-46AE-4B40-920E-104EF621DC57}
	EndGlobalSection
	GlobalSection(ExtensibilityGlobals) = postSolution
		SolutionGuid = {AF61BD62-CE25-46A5-9CFE-508BEBBD71BD}
	EndGlobalSection
EndGlobal
