
Microsoft Visual Studio Solution File, Format Version 12.00
# Visual Studio Version 17
VisualStudioVersion = 17.10.35122.118
MinimumVisualStudioVersion = 10.0.40219.1
Project("{FAE04EC0-301F-11D3-BF4B-00C04F79EFBC}") = "BlazorApp.AutoInteractivity", "BlazorApp.AutoInteractivity\BlazorApp.AutoInteractivity\BlazorApp.AutoInteractivity.csproj", "{382A0447-DF36-47F9-A966-4097495AC9BB}"
EndProject
Project("{FAE04EC0-301F-11D3-BF4B-00C04F79EFBC}") = "BlazorApp.AutoInteractivity.Client", "BlazorApp.AutoInteractivity\BlazorApp.AutoInteractivity.Client\BlazorApp.AutoInteractivity.Client.csproj", "{E3D15BDC-87A6-4AF4-9D9D-D69F3BD68664}"
EndProject
Global
	GlobalSection(SolutionConfigurationPlatforms) = preSolution
		Debug|Any CPU = Debug|Any CPU
		Release|Any CPU = Release|Any CPU
	EndGlobalSection
	GlobalSection(ProjectConfigurationPlatforms) = postSolution
		{382A0447-DF36-47F9-A966-4097495AC9BB}.Debug|Any CPU.ActiveCfg = Debug|Any CPU
		{382A0447-DF36-47F9-A966-4097495AC9BB}.Debug|Any CPU.Build.0 = Debug|Any CPU
		{382A0447-DF36-47F9-A966-4097495AC9BB}.Release|Any CPU.ActiveCfg = Release|Any CPU
		{382A0447-DF36-47F9-A966-4097495AC9BB}.Release|Any CPU.Build.0 = Release|Any CPU
		{E3D15BDC-87A6-4AF4-9D9D-D69F3BD68664}.Debug|Any CPU.ActiveCfg = Debug|Any CPU
		{E3D15BDC-87A6-4AF4-9D9D-D69F3BD68664}.Debug|Any CPU.Build.0 = Debug|Any CPU
		{E3D15BDC-87A6-4AF4-9D9D-D69F3BD68664}.Release|Any CPU.ActiveCfg = Release|Any CPU
		{E3D15BDC-87A6-4AF4-9D9D-D69F3BD68664}.Release|Any CPU.Build.0 = Release|Any CPU
	EndGlobalSection
	GlobalSection(SolutionProperties) = preSolution
		HideSolutionNode = FALSE
	EndGlobalSection
	GlobalSection(ExtensibilityGlobals) = postSolution
		SolutionGuid = {2B3D0015-0878-464F-8CAF-F796FCD7B342}
	EndGlobalSection
EndGlobal
