
Microsoft Visual Studio Solution File, Format Version 12.00
# Visual Studio Version 17
VisualStudioVersion = 17.0.31903.59
MinimumVisualStudioVersion = 10.0.40219.1
Project("{2150E333-8FDC-42A3-9474-1A3956D46DE8}") = "src", "src", "{9D9A362A-A02F-4836-9F65-53CB801723EF}"
EndProject
Project("{FAE04EC0-301F-11D3-BF4B-00C04F79EFBC}") = "BlazorApp.Intro", "src\BlazorApp.Intro\BlazorApp.Intro.csproj", "{82C1E8D9-413B-4538-9503-83A5BFB066F5}"
EndProject
Global
	GlobalSection(SolutionConfigurationPlatforms) = preSolution
		Debug|Any CPU = Debug|Any CPU
		Release|Any CPU = Release|Any CPU
	EndGlobalSection
	GlobalSection(SolutionProperties) = preSolution
		HideSolutionNode = FALSE
	EndGlobalSection
	GlobalSection(ProjectConfigurationPlatforms) = postSolution
		{82C1E8D9-413B-4538-9503-83A5BFB066F5}.Debug|Any CPU.ActiveCfg = Debug|Any CPU
		{82C1E8D9-413B-4538-9503-83A5BFB066F5}.Debug|Any CPU.Build.0 = Debug|Any CPU
		{82C1E8D9-413B-4538-9503-83A5BFB066F5}.Release|Any CPU.ActiveCfg = Release|Any CPU
		{82C1E8D9-413B-4538-9503-83A5BFB066F5}.Release|Any CPU.Build.0 = Release|Any CPU
	EndGlobalSection
	GlobalSection(NestedProjects) = preSolution
		{82C1E8D9-413B-4538-9503-83A5BFB066F5} = {9D9A362A-A02F-4836-9F65-53CB801723EF}
	EndGlobalSection
EndGlobal
